<?xml version="1.0" encoding="utf-8"?>
<Project ToolsVersion="4.0" xmlns="http://schemas.microsoft.com/developer/msbuild/2003">
  <ItemGroup>
    <Filter Include="Main">
      <UniqueIdentifier>{69d87c79-64a6-4bf0-b53e-2116599aa7b6}</UniqueIdentifier>
    </Filter>
    <Filter Include="Misc">
      <UniqueIdentifier>{a062aa63-ec75-440c-a86f-033cc41ae546}</UniqueIdentifier>
    </Filter>
  </ItemGroup>
  <ItemGroup>
    <ClInclude Include="Misc\stdafx.h">
      <Filter>Misc</Filter>
    </ClInclude>
    <ClInclude Include="Main\Table.h">
      <Filter>Main</Filter>
    </ClInclude>
    <ClInclude Include="Main\Export.h">
      <Filter>Main</Filter>
    </ClInclude>
    <ClInclude Include="Misc\Memory.h">
      <Filter>Misc</Filter>
    </ClInclude>
  </ItemGroup>
  <ItemGroup>
    <ClCompile Include="Misc\stdafx.cpp">
      <Filter>Misc</Filter>
    </ClCompile>
    <ClCompile Include="Main\Table.cpp">
      <Filter>Main</Filter>
    </ClCompile>
    <ClCompile Include="Main\Export.cpp">
      <Filter>Main</Filter>
    </ClCompile>
    <ClCompile Include="Misc\Memory.cpp">
      <Filter>Misc</Filter>
    </ClCompile>
  </ItemGroup>
</Project>